{
  "meteor": {
    "git": "https://github.com/meteor/meteor.git",
    "branch": "devel",
    "commit": "df5606363269928f1167114982e48fe74098190e"
  },
  "dependencies": {
    "basePackages": {
      "stylus-mixin": {},
      "minimongoid": {
        "path": "/minimongoid/"
      },
      "ZURB Foundation": {},
      "router": {},
      "mocha-web": {},
      "jade-handlebars": {}
    },
    "packages": {
      "stylus-mixin": {
        "git": "https://github.com/Charuru/stylus-mixin.git",
        "tag": "v1.1.0",
        "commit": "30483b684d044c09209882ed49fa4a9907300fcf"
      },
      "minimongoid": {
        "path": "/minimongoid/"
      },
      "ZURB Foundation": {
        "git": "https://github.com/IslamMagdy/meteor-foundation.git",
        "tag": "v3.2.0",
        "commit": "a27c84be95dc73f8b6c71a98e6c9bbe6736992f2"
      },
      "router": {
        "git": "https://github.com/tmeasday/meteor-router.git",
        "tag": "v0.4.0",
        "commit": "c99ccbc30a4692635a67a585a6ce4eed252aa268"
      },
      "mocha-web": {
        "git": "https://github.com/mad-eye/meteor-mocha-web.git",
        "tag": "v0.0.2",
        "commit": "c534e901f9e5423240ab9c2de121890999d68bbb"
      },
      "jade-handlebars": {
        "git": "https://github.com/SimonDegraeve/meteor-jade-handlebars.git",
        "tag": "v0.2.7",
        "commit": "82f6f9ac43a68ffabe1d9b9620be2a4ca6790b56"
      },
      "page-js-ie-support": {
        "git": "https://github.com/tmeasday/meteor-page-js-ie-support.git",
        "tag": "v1.3.5",
        "commit": "b99ed8380aefd10b2afc8f18d9eed4dd0d8ea9cb"
      }
    }
  }
}
