{
  "meteor": {
    "git": "https://github.com/meteor/meteor.git",
    "branch": "devel",
    "commit": "674574564329d5a5da4b17bbb1b8d89127600c2d"
  },
  "dependencies": {
    "basePackages": {
      "stylus-mixin": {},
      "foundation-custom": {},
      "livescript": {}
    },
    "packages": {
      "stylus-mixin": {
        "git": "https://github.com/Charuru/stylus-mixin.git",
        "tag": "v1.1.0",
        "commit": "30483b684d044c09209882ed49fa4a9907300fcf"
      },
      "foundation-custom": {
        "git": "https://github.com/digioak/meteor-foundation-custom.git",
        "tag": "v0.0.7",
        "commit": "78a2f2def62709836c58dcca894ea6f3702d940c"
      },
      "livescript": {
        "git": "https://github.com/digioak/meteor-livescript.git",
        "tag": "v0.0.3",
        "commit": "c39947518f39fc029645efa4cd9b23274e154958"
      }
    }
  }
}
